github.com/go-gl/glfw/v3.3/glfw v0.0.0-20200222043503-6f7a984d4dc4/go.mod h1:tQ2UAYgL5IevRw8kRxooKSPJfGvJ9fJQFa0TUsXzTg8=
github.com/vulkan-go/vulkan v0.0.0-20200123094538-aa511c71e200 h1:Gd8JCplUKwEoAx/9s/zL9DQzNdxmWidxd2uM4zVpURw=
github.com/vulkan-go/vulkan v0.0.0-20200123094538-aa511c71e200/go.mod h1:X6Qqg0j5A5cYHhFXUOl6TL/vYdyh/ajvyCvh+sEHQFI=
